
Microsoft Visual Studio Solution File, Format Version 12.00
# Visual Studio Version 17
VisualStudioVersion = 17.10.35013.160
MinimumVisualStudioVersion = 10.0.40219.1
Project("{9A19103F-16F7-4668-BE54-9A1E7A4F7556}") = "CompanyEmployees", "CompanyEmployees\CompanyEmployees.csproj", "{ECA941B8-5A5E-4E1A-816F-F1662626225D}"
EndProject
Project("{9A19103F-16F7-4668-BE54-9A1E7A4F7556}") = "Contracts", "Contracts\Contracts.csproj", "{F1D7C04A-76DB-4F6C-B302-01C4EA1D8825}"
EndProject
Project("{9A19103F-16F7-4668-BE54-9A1E7A4F7556}") = "LoggerService", "LoggerService\LoggerService.csproj", "{2A00D0A2-8E77-4CA0-B3A2-C3B42474DFB3}"
EndProject
Project("{9A19103F-16F7-4668-BE54-9A1E7A4F7556}") = "Entities", "Entities\Entities.csproj", "{1258C054-16ED-497D-88E3-D805202E56B4}"
EndProject
Project("{9A19103F-16F7-4668-BE54-9A1E7A4F7556}") = "Repository", "Repository\Repository.csproj", "{11BCC000-84B6-48D1-9185-0D10ECC56822}"
EndProject
Project("{9A19103F-16F7-4668-BE54-9A1E7A4F7556}") = "Service.Contracts", "Service.Contracts\Service.Contracts.csproj", "{1C2C9586-5BDE-45C5-8BC9-BF7812E09B07}"
EndProject
Project("{9A19103F-16F7-4668-BE54-9A1E7A4F7556}") = "Service", "Service\Service.csproj", "{31C10E5B-B584-43E3-B5B6-8819A68A56CF}"
EndProject
Project("{9A19103F-16F7-4668-BE54-9A1E7A4F7556}") = "CompanyEmployees.Presentation", "CompanyEmployees.Presentation\CompanyEmployees.Presentation.csproj", "{B3C83E24-EE4A-4F90-95D3-4793BA54D317}"
EndProject
Project("{9A19103F-16F7-4668-BE54-9A1E7A4F7556}") = "Shared", "Shared\Shared.csproj", "{8069BDD4-FC5A-4C34-B122-A7FE45F9072F}"
EndProject
Project("{FAE04EC0-301F-11D3-BF4B-00C04F79EFBC}") = "Filters", "Filters\Filters.csproj", "{313DAE4A-6ABD-4865-8CE9-DAABB34EAA06}"
EndProject
Global
	GlobalSection(SolutionConfigurationPlatforms) = preSolution
		Debug|Any CPU = Debug|Any CPU
		Release|Any CPU = Release|Any CPU
	EndGlobalSection
	GlobalSection(ProjectConfigurationPlatforms) = postSolution
		{ECA941B8-5A5E-4E1A-816F-F1662626225D}.Debug|Any CPU.ActiveCfg = Debug|Any CPU
		{ECA941B8-5A5E-4E1A-816F-F1662626225D}.Debug|Any CPU.Build.0 = Debug|Any CPU
		{ECA941B8-5A5E-4E1A-816F-F1662626225D}.Release|Any CPU.ActiveCfg = Release|Any CPU
		{ECA941B8-5A5E-4E1A-816F-F1662626225D}.Release|Any CPU.Build.0 = Release|Any CPU
		{F1D7C04A-76DB-4F6C-B302-01C4EA1D8825}.Debug|Any CPU.ActiveCfg = Debug|Any CPU
		{F1D7C04A-76DB-4F6C-B302-01C4EA1D8825}.Debug|Any CPU.Build.0 = Debug|Any CPU
		{F1D7C04A-76DB-4F6C-B302-01C4EA1D8825}.Release|Any CPU.ActiveCfg = Release|Any CPU
		{F1D7C04A-76DB-4F6C-B302-01C4EA1D8825}.Release|Any CPU.Build.0 = Release|Any CPU
		{2A00D0A2-8E77-4CA0-B3A2-C3B42474DFB3}.Debug|Any CPU.ActiveCfg = Debug|Any CPU
		{2A00D0A2-8E77-4CA0-B3A2-C3B42474DFB3}.Debug|Any CPU.Build.0 = Debug|Any CPU
		{2A00D0A2-8E77-4CA0-B3A2-C3B42474DFB3}.Release|Any CPU.ActiveCfg = Release|Any CPU
		{2A00D0A2-8E77-4CA0-B3A2-C3B42474DFB3}.Release|Any CPU.Build.0 = Release|Any CPU
		{1258C054-16ED-497D-88E3-D805202E56B4}.Debug|Any CPU.ActiveCfg = Debug|Any CPU
		{1258C054-16ED-497D-88E3-D805202E56B4}.Debug|Any CPU.Build.0 = Debug|Any CPU
		{1258C054-16ED-497D-88E3-D805202E56B4}.Release|Any CPU.ActiveCfg = Release|Any CPU
		{1258C054-16ED-497D-88E3-D805202E56B4}.Release|Any CPU.Build.0 = Release|Any CPU
		{11BCC000-84B6-48D1-9185-0D10ECC56822}.Debug|Any CPU.ActiveCfg = Debug|Any CPU
		{11BCC000-84B6-48D1-9185-0D10ECC56822}.Debug|Any CPU.Build.0 = Debug|Any CPU
		{11BCC000-84B6-48D1-9185-0D10ECC56822}.Release|Any CPU.ActiveCfg = Release|Any CPU
		{11BCC000-84B6-48D1-9185-0D10ECC56822}.Release|Any CPU.Build.0 = Release|Any CPU
		{1C2C9586-5BDE-45C5-8BC9-BF7812E09B07}.Debug|Any CPU.ActiveCfg = Debug|Any CPU
		{1C2C9586-5BDE-45C5-8BC9-BF7812E09B07}.Debug|Any CPU.Build.0 = Debug|Any CPU
		{1C2C9586-5BDE-45C5-8BC9-BF7812E09B07}.Release|Any CPU.ActiveCfg = Release|Any CPU
		{1C2C9586-5BDE-45C5-8BC9-BF7812E09B07}.Release|Any CPU.Build.0 = Release|Any CPU
		{31C10E5B-B584-43E3-B5B6-8819A68A56CF}.Debug|Any CPU.ActiveCfg = Debug|Any CPU
		{31C10E5B-B584-43E3-B5B6-8819A68A56CF}.Debug|Any CPU.Build.0 = Debug|Any CPU
		{31C10E5B-B584-43E3-B5B6-8819A68A56CF}.Release|Any CPU.ActiveCfg = Release|Any CPU
		{31C10E5B-B584-43E3-B5B6-8819A68A56CF}.Release|Any CPU.Build.0 = Release|Any CPU
		{B3C83E24-EE4A-4F90-95D3-4793BA54D317}.Debug|Any CPU.ActiveCfg = Debug|Any CPU
		{B3C83E24-EE4A-4F90-95D3-4793BA54D317}.Debug|Any CPU.Build.0 = Debug|Any CPU
		{B3C83E24-EE4A-4F90-95D3-4793BA54D317}.Release|Any CPU.ActiveCfg = Release|Any CPU
		{B3C83E24-EE4A-4F90-95D3-4793BA54D317}.Release|Any CPU.Build.0 = Release|Any CPU
		{8069BDD4-FC5A-4C34-B122-A7FE45F9072F}.Debug|Any CPU.ActiveCfg = Debug|Any CPU
		{8069BDD4-FC5A-4C34-B122-A7FE45F9072F}.Debug|Any CPU.Build.0 = Debug|Any CPU
		{8069BDD4-FC5A-4C34-B122-A7FE45F9072F}.Release|Any CPU.ActiveCfg = Release|Any CPU
		{8069BDD4-FC5A-4C34-B122-A7FE45F9072F}.Release|Any CPU.Build.0 = Release|Any CPU
		{313DAE4A-6ABD-4865-8CE9-DAABB34EAA06}.Debug|Any CPU.ActiveCfg = Debug|Any CPU
		{313DAE4A-6ABD-4865-8CE9-DAABB34EAA06}.Debug|Any CPU.Build.0 = Debug|Any CPU
		{313DAE4A-6ABD-4865-8CE9-DAABB34EAA06}.Release|Any CPU.ActiveCfg = Release|Any CPU
		{313DAE4A-6ABD-4865-8CE9-DAABB34EAA06}.Release|Any CPU.Build.0 = Release|Any CPU
	EndGlobalSection
	GlobalSection(SolutionProperties) = preSolution
		HideSolutionNode = FALSE
	EndGlobalSection
	GlobalSection(ExtensibilityGlobals) = postSolution
		SolutionGuid = {FD9FE0AE-CC9A-475E-9028-2B105B5414CF}
	EndGlobalSection
EndGlobal
